
Microsoft Visual Studio Solution File, Format Version 12.00
# Visual Studio Version 16
VisualStudioVersion = 16.0.31729.503
MinimumVisualStudioVersion = 10.0.40219.1
Project("{FAE04EC0-301F-11D3-BF4B-00C04F79EFBC}") = "ShopStore", "ShopStore\ShopStore.csproj", "{64694EBA-8F1A-4D5C-B207-67DDAEFBD968}"
EndProject
Project("{FAE04EC0-301F-11D3-BF4B-00C04F79EFBC}") = "Entities", "Entities\Entities.csproj", "{5E7168A5-C6C9-415C-9EB6-9EED218BF456}"
EndProject
Project("{FAE04EC0-301F-11D3-BF4B-00C04F79EFBC}") = "DataAccess", "DataAccess\DataAccess.csproj", "{D6D766CA-74D9-476D-BE30-5D1462521DBB}"
EndProject
Project("{FAE04EC0-301F-11D3-BF4B-00C04F79EFBC}") = "Business", "Business\Business.csproj", "{20E26AB0-8C1F-41CF-938C-A6649D12A8A8}"
EndProject
Project("{FAE04EC0-301F-11D3-BF4B-00C04F79EFBC}") = "Core", "Core\Core.csproj", "{EA15520D-EB45-46F8-ABE5-D82886723E40}"
EndProject
Global
	GlobalSection(SolutionConfigurationPlatforms) = preSolution
		Debug|Any CPU = Debug|Any CPU
		Release|Any CPU = Release|Any CPU
	EndGlobalSection
	GlobalSection(ProjectConfigurationPlatforms) = postSolution
		{64694EBA-8F1A-4D5C-B207-67DDAEFBD968}.Debug|Any CPU.ActiveCfg = Debug|Any CPU
		{64694EBA-8F1A-4D5C-B207-67DDAEFBD968}.Debug|Any CPU.Build.0 = Debug|Any CPU
		{64694EBA-8F1A-4D5C-B207-67DDAEFBD968}.Release|Any CPU.ActiveCfg = Release|Any CPU
		{64694EBA-8F1A-4D5C-B207-67DDAEFBD968}.Release|Any CPU.Build.0 = Release|Any CPU
		{5E7168A5-C6C9-415C-9EB6-9EED218BF456}.Debug|Any CPU.ActiveCfg = Debug|Any CPU
		{5E7168A5-C6C9-415C-9EB6-9EED218BF456}.Debug|Any CPU.Build.0 = Debug|Any CPU
		{5E7168A5-C6C9-415C-9EB6-9EED218BF456}.Release|Any CPU.ActiveCfg = Release|Any CPU
		{5E7168A5-C6C9-415C-9EB6-9EED218BF456}.Release|Any CPU.Build.0 = Release|Any CPU
		{D6D766CA-74D9-476D-BE30-5D1462521DBB}.Debug|Any CPU.ActiveCfg = Debug|Any CPU
		{D6D766CA-74D9-476D-BE30-5D1462521DBB}.Debug|Any CPU.Build.0 = Debug|Any CPU
		{D6D766CA-74D9-476D-BE30-5D1462521DBB}.Release|Any CPU.ActiveCfg = Release|Any CPU
		{D6D766CA-74D9-476D-BE30-5D1462521DBB}.Release|Any CPU.Build.0 = Release|Any CPU
		{20E26AB0-8C1F-41CF-938C-A6649D12A8A8}.Debug|Any CPU.ActiveCfg = Debug|Any CPU
		{20E26AB0-8C1F-41CF-938C-A6649D12A8A8}.Debug|Any CPU.Build.0 = Debug|Any CPU
		{20E26AB0-8C1F-41CF-938C-A6649D12A8A8}.Release|Any CPU.ActiveCfg = Release|Any CPU
		{20E26AB0-8C1F-41CF-938C-A6649D12A8A8}.Release|Any CPU.Build.0 = Release|Any CPU
		{EA15520D-EB45-46F8-ABE5-D82886723E40}.Debug|Any CPU.ActiveCfg = Debug|Any CPU
		{EA15520D-EB45-46F8-ABE5-D82886723E40}.Debug|Any CPU.Build.0 = Debug|Any CPU
		{EA15520D-EB45-46F8-ABE5-D82886723E40}.Release|Any CPU.ActiveCfg = Release|Any CPU
		{EA15520D-EB45-46F8-ABE5-D82886723E40}.Release|Any CPU.Build.0 = Release|Any CPU
	EndGlobalSection
	GlobalSection(SolutionProperties) = preSolution
		HideSolutionNode = FALSE
	EndGlobalSection
	GlobalSection(ExtensibilityGlobals) = postSolution
		SolutionGuid = {157E99C8-3459-49D8-8662-935D531483F5}
	EndGlobalSection
EndGlobal
